
Microsoft Visual Studio Solution File, Format Version 12.00
# Visual Studio Version 17
VisualStudioVersion = 17.0.32126.317
MinimumVisualStudioVersion = 10.0.40219.1
Project("{FAE04EC0-301F-11D3-BF4B-00C04F79EFBC}") = "Assignment3", "Assignment3\Assignment3.csproj", "{9F183F7D-1D09-4276-B0EB-D451DAA353E1}"
EndProject
Global
	GlobalSection(SolutionConfigurationPlatforms) = preSolution
		Debug|Any CPU = Debug|Any CPU
		Release|Any CPU = Release|Any CPU
	EndGlobalSection
	GlobalSection(ProjectConfigurationPlatforms) = postSolution
		{9F183F7D-1D09-4276-B0EB-D451DAA353E1}.Debug|Any CPU.ActiveCfg = Debug|Any CPU
		{9F183F7D-1D09-4276-B0EB-D451DAA353E1}.Debug|Any CPU.Build.0 = Debug|Any CPU
		{9F183F7D-1D09-4276-B0EB-D451DAA353E1}.Release|Any CPU.ActiveCfg = Release|Any CPU
		{9F183F7D-1D09-4276-B0EB-D451DAA353E1}.Release|Any CPU.Build.0 = Release|Any CPU
	EndGlobalSection
	GlobalSection(SolutionProperties) = preSolution
		HideSolutionNode = FALSE
	EndGlobalSection
	GlobalSection(ExtensibilityGlobals) = postSolution
		SolutionGuid = {8DF266B6-B15C-42E4-8BA8-E7F0112086DA}
	EndGlobalSection
EndGlobal
