
Microsoft Visual Studio Solution File, Format Version 12.00
# Visual Studio Version 17
VisualStudioVersion = 17.0.32126.317
MinimumVisualStudioVersion = 10.0.40219.1
Project("{FAE04EC0-301F-11D3-BF4B-00C04F79EFBC}") = "CodebaseTest3", "CodebaseTest3\CodebaseTest3.csproj", "{2B6AB5ED-C308-4E12-9188-9765BE06FDAD}"
EndProject
Global
	GlobalSection(SolutionConfigurationPlatforms) = preSolution
		Debug|Any CPU = Debug|Any CPU
		Release|Any CPU = Release|Any CPU
	EndGlobalSection
	GlobalSection(ProjectConfigurationPlatforms) = postSolution
		{2B6AB5ED-C308-4E12-9188-9765BE06FDAD}.Debug|Any CPU.ActiveCfg = Debug|Any CPU
		{2B6AB5ED-C308-4E12-9188-9765BE06FDAD}.Debug|Any CPU.Build.0 = Debug|Any CPU
		{2B6AB5ED-C308-4E12-9188-9765BE06FDAD}.Release|Any CPU.ActiveCfg = Release|Any CPU
		{2B6AB5ED-C308-4E12-9188-9765BE06FDAD}.Release|Any CPU.Build.0 = Release|Any CPU
	EndGlobalSection
	GlobalSection(SolutionProperties) = preSolution
		HideSolutionNode = FALSE
	EndGlobalSection
	GlobalSection(ExtensibilityGlobals) = postSolution
		SolutionGuid = {33A79B1D-97E5-43E0-852D-9FEF8FA8C215}
	EndGlobalSection
EndGlobal
