
Microsoft Visual Studio Solution File, Format Version 12.00
# Visual Studio Version 16
VisualStudioVersion = 16.0.32413.511
MinimumVisualStudioVersion = 10.0.40219.1
Project("{FAE04EC0-301F-11D3-BF4B-00C04F79EFBC}") = "MVC_Customers", "MVC_Customers\MVC_Customers.csproj", "{2614E88E-3126-4220-A34D-E476C34704D5}"
EndProject
Global
	GlobalSection(SolutionConfigurationPlatforms) = preSolution
		Debug|Any CPU = Debug|Any CPU
		Release|Any CPU = Release|Any CPU
	EndGlobalSection
	GlobalSection(ProjectConfigurationPlatforms) = postSolution
		{2614E88E-3126-4220-A34D-E476C34704D5}.Debug|Any CPU.ActiveCfg = Debug|Any CPU
		{2614E88E-3126-4220-A34D-E476C34704D5}.Debug|Any CPU.Build.0 = Debug|Any CPU
		{2614E88E-3126-4220-A34D-E476C34704D5}.Release|Any CPU.ActiveCfg = Release|Any CPU
		{2614E88E-3126-4220-A34D-E476C34704D5}.Release|Any CPU.Build.0 = Release|Any CPU
	EndGlobalSection
	GlobalSection(SolutionProperties) = preSolution
		HideSolutionNode = FALSE
	EndGlobalSection
	GlobalSection(ExtensibilityGlobals) = postSolution
		SolutionGuid = {C7F49B2E-AB4F-4EFF-8CCB-66D0E306A0E0}
	EndGlobalSection
EndGlobal
